
Microsoft Visual Studio Solution File, Format Version 12.00
# Visual Studio Version 17
VisualStudioVersion = 17.2.32519.379
MinimumVisualStudioVersion = 10.0.40219.1
Project("{9A19103F-16F7-4668-BE54-9A1E7A4F7556}") = "AsciiArt", "AsciiArt\AsciiArt.csproj", "{A654B8B3-033A-4567-AD6D-5FE8B019B2CC}"
EndProject
Global
	GlobalSection(SolutionConfigurationPlatforms) = preSolution
		Debug|Any CPU = Debug|Any CPU
		Release|Any CPU = Release|Any CPU
	EndGlobalSection
	GlobalSection(ProjectConfigurationPlatforms) = postSolution
		{A654B8B3-033A-4567-AD6D-5FE8B019B2CC}.Debug|Any CPU.ActiveCfg = Debug|Any CPU
		{A654B8B3-033A-4567-AD6D-5FE8B019B2CC}.Debug|Any CPU.Build.0 = Debug|Any CPU
		{A654B8B3-033A-4567-AD6D-5FE8B019B2CC}.Release|Any CPU.ActiveCfg = Release|Any CPU
		{A654B8B3-033A-4567-AD6D-5FE8B019B2CC}.Release|Any CPU.Build.0 = Release|Any CPU
	EndGlobalSection
	GlobalSection(SolutionProperties) = preSolution
		HideSolutionNode = FALSE
	EndGlobalSection
	GlobalSection(ExtensibilityGlobals) = postSolution
		SolutionGuid = {77CDE47E-A261-414C-91E3-3AF14391DC52}
	EndGlobalSection
EndGlobal
